
Microsoft Visual Studio Solution File, Format Version 12.00
# Visual Studio Version 17
VisualStudioVersion = 17.9.34728.123
MinimumVisualStudioVersion = 10.0.40219.1
Project("{FAE04EC0-301F-11D3-BF4B-00C04F79EFBC}") = "MuseumASPCoreSite", "MuseumASPCoreSite\MuseumASPCoreSite.csproj", "{3ACDBAD0-CDD3-403F-A04F-439CDE1CE387}"
EndProject
Global
	GlobalSection(SolutionConfigurationPlatforms) = preSolution
		Debug|Any CPU = Debug|Any CPU
		Release|Any CPU = Release|Any CPU
	EndGlobalSection
	GlobalSection(ProjectConfigurationPlatforms) = postSolution
		{3ACDBAD0-CDD3-403F-A04F-439CDE1CE387}.Debug|Any CPU.ActiveCfg = Debug|Any CPU
		{3ACDBAD0-CDD3-403F-A04F-439CDE1CE387}.Debug|Any CPU.Build.0 = Debug|Any CPU
		{3ACDBAD0-CDD3-403F-A04F-439CDE1CE387}.Release|Any CPU.ActiveCfg = Release|Any CPU
		{3ACDBAD0-CDD3-403F-A04F-439CDE1CE387}.Release|Any CPU.Build.0 = Release|Any CPU
	EndGlobalSection
	GlobalSection(SolutionProperties) = preSolution
		HideSolutionNode = FALSE
	EndGlobalSection
	GlobalSection(ExtensibilityGlobals) = postSolution
		SolutionGuid = {A8EFF334-3DE8-499A-B60E-A1C7779468EE}
	EndGlobalSection
EndGlobal
